
Microsoft Visual Studio Solution File, Format Version 12.00
# Visual Studio Version 17
VisualStudioVersion = 17.0.31912.275
MinimumVisualStudioVersion = 10.0.40219.1
Project("{9A19103F-16F7-4668-BE54-9A1E7A4F7556}") = "ContactApi", "ContactApi.csproj", "{30526E81-4C4C-46BE-8F7D-3089FE2D9D18}"
EndProject
Global
	GlobalSection(SolutionConfigurationPlatforms) = preSolution
		Debug|Any CPU = Debug|Any CPU
		Release|Any CPU = Release|Any CPU
	EndGlobalSection
	GlobalSection(ProjectConfigurationPlatforms) = postSolution
		{30526E81-4C4C-46BE-8F7D-3089FE2D9D18}.Debug|Any CPU.ActiveCfg = Debug|Any CPU
		{30526E81-4C4C-46BE-8F7D-3089FE2D9D18}.Debug|Any CPU.Build.0 = Debug|Any CPU
		{30526E81-4C4C-46BE-8F7D-3089FE2D9D18}.Release|Any CPU.ActiveCfg = Release|Any CPU
		{30526E81-4C4C-46BE-8F7D-3089FE2D9D18}.Release|Any CPU.Build.0 = Release|Any CPU
	EndGlobalSection
	GlobalSection(SolutionProperties) = preSolution
		HideSolutionNode = FALSE
	EndGlobalSection
	GlobalSection(ExtensibilityGlobals) = postSolution
		SolutionGuid = {AC3F076A-F496-4276-910B-F9D27B4DFA97}
	EndGlobalSection
EndGlobal
